
Microsoft Visual Studio Solution File, Format Version 12.00
# Visual Studio Version 16
VisualStudioVersion = 16.0.29409.12
MinimumVisualStudioVersion = 10.0.40219.1
Project("{FAE04EC0-301F-11D3-BF4B-00C04F79EFBC}") = "DataExport", "DataExport\DataExport.csproj", "{0137D51E-1193-4E8C-8659-AEC2A1466FED}"
EndProject
Global
	GlobalSection(SolutionConfigurationPlatforms) = preSolution
		Debug|Any CPU = Debug|Any CPU
		Release|Any CPU = Release|Any CPU
	EndGlobalSection
	GlobalSection(ProjectConfigurationPlatforms) = postSolution
		{0137D51E-1193-4E8C-8659-AEC2A1466FED}.Debug|Any CPU.ActiveCfg = Debug|Any CPU
		{0137D51E-1193-4E8C-8659-AEC2A1466FED}.Debug|Any CPU.Build.0 = Debug|Any CPU
		{0137D51E-1193-4E8C-8659-AEC2A1466FED}.Release|Any CPU.ActiveCfg = Release|Any CPU
		{0137D51E-1193-4E8C-8659-AEC2A1466FED}.Release|Any CPU.Build.0 = Release|Any CPU
	EndGlobalSection
	GlobalSection(SolutionProperties) = preSolution
		HideSolutionNode = FALSE
	EndGlobalSection
	GlobalSection(ExtensibilityGlobals) = postSolution
		SolutionGuid = {4FF974F2-4FEF-4D1D-BCCD-74B90D8068C1}
	EndGlobalSection
EndGlobal
